{
  "name": "to-do-list",
  "lockfileVersion": 3,
  "requires": true,
  "packages": {
    "": {
      "dependencies": {
        "@fontsource/parkinsans": "^5.0.1"
      }
    },
    "node_modules/@fontsource/parkinsans": {
      "version": "5.0.1",
      "resolved": "https://registry.npmjs.org/@fontsource/parkinsans/-/parkinsans-5.0.1.tgz",
      "integrity": "sha512-9xgYOgC0ULm9JTcLO2K4oKLlybQP7CU4d7TksJzmF4EWJ4rQ+awwxBN8tgTPhQOoUMH58gpmL2rK56Gs14dkRw==",
      "license": "OFL-1.1"
    }
  }
}
